
Microsoft Visual Studio Solution File, Format Version 12.00
# Visual Studio 15
VisualStudioVersion = 15.0.28307.960
MinimumVisualStudioVersion = 10.0.40219.1
Project("{FAE04EC0-301F-11D3-BF4B-00C04F79EFBC}") = "DBtest", "DBtest\DBtest.csproj", "{D539FC4E-BFEC-49FC-B4B3-6B95E9E6446F}"
EndProject
Global
	GlobalSection(SolutionConfigurationPlatforms) = preSolution
		Debug|Any CPU = Debug|Any CPU
		Release|Any CPU = Release|Any CPU
	EndGlobalSection
	GlobalSection(ProjectConfigurationPlatforms) = postSolution
		{D539FC4E-BFEC-49FC-B4B3-6B95E9E6446F}.Debug|Any CPU.ActiveCfg = Debug|Any CPU
		{D539FC4E-BFEC-49FC-B4B3-6B95E9E6446F}.Debug|Any CPU.Build.0 = Debug|Any CPU
		{D539FC4E-BFEC-49FC-B4B3-6B95E9E6446F}.Release|Any CPU.ActiveCfg = Release|Any CPU
		{D539FC4E-BFEC-49FC-B4B3-6B95E9E6446F}.Release|Any CPU.Build.0 = Release|Any CPU
	EndGlobalSection
	GlobalSection(SolutionProperties) = preSolution
		HideSolutionNode = FALSE
	EndGlobalSection
	GlobalSection(ExtensibilityGlobals) = postSolution
		SolutionGuid = {800246E1-4E07-4AFC-A70F-EDBEDF6DFA44}
	EndGlobalSection
EndGlobal
